
Microsoft Visual Studio Solution File, Format Version 12.00
# Visual Studio Version 17
VisualStudioVersion = 17.9.34622.214
MinimumVisualStudioVersion = 10.0.40219.1
Project("{FAE04EC0-301F-11D3-BF4B-00C04F79EFBC}") = "Resentencizer2.Core", "Resentencizer2.Core\Resentencizer2.Core.csproj", "{3965253D-4022-4980-B860-E44A03EFAA96}"
EndProject
Global
	GlobalSection(SolutionConfigurationPlatforms) = preSolution
		Debug|Any CPU = Debug|Any CPU
		Release|Any CPU = Release|Any CPU
	EndGlobalSection
	GlobalSection(ProjectConfigurationPlatforms) = postSolution
		{3965253D-4022-4980-B860-E44A03EFAA96}.Debug|Any CPU.ActiveCfg = Debug|Any CPU
		{3965253D-4022-4980-B860-E44A03EFAA96}.Debug|Any CPU.Build.0 = Debug|Any CPU
		{3965253D-4022-4980-B860-E44A03EFAA96}.Release|Any CPU.ActiveCfg = Release|Any CPU
		{3965253D-4022-4980-B860-E44A03EFAA96}.Release|Any CPU.Build.0 = Release|Any CPU
	EndGlobalSection
	GlobalSection(SolutionProperties) = preSolution
		HideSolutionNode = FALSE
	EndGlobalSection
	GlobalSection(ExtensibilityGlobals) = postSolution
		SolutionGuid = {D6894244-136B-4AD7-A93B-4C5101942B64}
	EndGlobalSection
EndGlobal
