
Microsoft Visual Studio Solution File, Format Version 12.00
# Visual Studio Version 17
VisualStudioVersion = 17.9.34622.214
MinimumVisualStudioVersion = 10.0.40219.1
Project("{FAE04EC0-301F-11D3-BF4B-00C04F79EFBC}") = "Resentencizer2", "Resentencizer2\Resentencizer2.csproj", "{9640D233-21D0-465D-B5BE-0C6E755407A6}"
EndProject
Global
	GlobalSection(SolutionConfigurationPlatforms) = preSolution
		Debug|Any CPU = Debug|Any CPU
		Release|Any CPU = Release|Any CPU
	EndGlobalSection
	GlobalSection(ProjectConfigurationPlatforms) = postSolution
		{9640D233-21D0-465D-B5BE-0C6E755407A6}.Debug|Any CPU.ActiveCfg = Debug|Any CPU
		{9640D233-21D0-465D-B5BE-0C6E755407A6}.Debug|Any CPU.Build.0 = Debug|Any CPU
		{9640D233-21D0-465D-B5BE-0C6E755407A6}.Release|Any CPU.ActiveCfg = Release|Any CPU
		{9640D233-21D0-465D-B5BE-0C6E755407A6}.Release|Any CPU.Build.0 = Release|Any CPU
	EndGlobalSection
	GlobalSection(SolutionProperties) = preSolution
		HideSolutionNode = FALSE
	EndGlobalSection
	GlobalSection(ExtensibilityGlobals) = postSolution
		SolutionGuid = {536DBB66-D375-4CCE-A1BE-03A119986CA2}
	EndGlobalSection
EndGlobal
